# THIS IS AN AUTOGENERATED FILE. DO NOT EDIT THIS FILE DIRECTLY.
# yarn lockfile v1


"@vue/composition-api@^0.3.2":
  version "0.3.2"
  resolved "https://registry.yarnpkg.com/@vue/composition-api/-/composition-api-0.3.2.tgz#2d797028e489bf7812f08c7bb33ffd03ef23c617"
  integrity sha512-fD4dn9cJX62QSP2TMFLXCOQOa+Bu2o7kWDjrU/FNLkNqPPcCKBLxCH/Lc+gNCRBKdEUGyI3arjAw7j0Yz1hnvw==
  dependencies:
    tslib "^1.9.3"

core-js@^3.3.2:
  version "3.3.6"
  resolved "https://registry.yarnpkg.com/core-js/-/core-js-3.3.6.tgz#6ad1650323c441f45379e176ed175c0d021eac92"
  integrity sha512-u4oM8SHwmDuh5mWZdDg9UwNVq5s1uqq6ZDLLIs07VY+VJU91i3h4f3K/pgFvtUQPGdeStrZ+odKyfyt4EnKHfA==

date-fns@^2.4.1:
  version "2.6.0"
  resolved "https://registry.yarnpkg.com/date-fns/-/date-fns-2.6.0.tgz#a5bc82e6a4c3995ae124b0ba1a71aec7b8cbd666"
  integrity sha512-F55YxqRdEfP/eYQmQjLN798v0AwLjmZ8nMBjdQvNwEE3N/zWVrlkkqT+9seBlPlsbkybG4JmWg3Ee3dIV9BcGQ==

lodash@^4.17.15:
  version "4.17.15"
  resolved "https://registry.yarnpkg.com/lodash/-/lodash-4.17.15.tgz#b447f6670a0455bbfeedd11392eff330ea097548"
  integrity sha512-8xOcRHvCjnocdS5cpwXQXVzmmh5e5+saE2QGoeQmbKmRS6J3VQppPOIt0MnmE+4xlZoumy0GPG0D0MVIQbNA1A==

resize-observer-polyfill@^1.5.1:
  version "1.5.1"
  resolved "https://registry.yarnpkg.com/resize-observer-polyfill/-/resize-observer-polyfill-1.5.1.tgz#0e9020dd3d21024458d4ebd27e23e40269810464"
  integrity sha512-LwZrotdHOo12nQuZlHEmtuXdqGoOD0OhaxopaNFxWzInpEgaLWoVuAMbTzixuosCx2nEG58ngzW3vxdWoxIgdg==

tslib@^1.9.3:
  version "1.10.0"
  resolved "https://registry.yarnpkg.com/tslib/-/tslib-1.10.0.tgz#c3c19f95973fb0a62973fb09d90d961ee43e5c8a"
  integrity sha512-qOebF53frne81cf0S9B41ByenJ3/IuH8yJKngAX35CmiZySA0khhkovshKK+jGCaMnVomla7gVlIcc3EvKPbTQ==

uuid@^3.3.3:
  version "3.3.3"
  resolved "https://registry.yarnpkg.com/uuid/-/uuid-3.3.3.tgz#4568f0216e78760ee1dbf3a4d2cf53e224112866"
  integrity sha512-pW0No1RGHgzlpHJO1nsVrHKpOEIxkGg1xB+v0ZmdNH5OAeAwzAVrCnI2/6Mtx+Uys6iaylxa+D3g4j63IKKjSQ==

vue-airbnb-calendar@^0.5.3:
  version "0.5.3"
  resolved "https://registry.yarnpkg.com/vue-airbnb-calendar/-/vue-airbnb-calendar-0.5.3.tgz#7a734bd24a5133b4bc1257ade2065b89598a630a"
  integrity sha512-YjX77Ue38goIobJZxiUiH5jD7qD9Ge8osBEKWufgGb9xLrxUVFeq4wu14wxAoQ8/0QvumIwoeWAlSI/9ngwVkg==
  dependencies:
    "@vue/composition-api" "^0.3.2"
    core-js "^3.3.2"
    date-fns "^2.4.1"
    lodash "^4.17.15"
    resize-observer-polyfill "^1.5.1"
    uuid "^3.3.3"
    vue "^2.6.10"

vue@^2.6.10:
  version "2.6.10"
  resolved "https://registry.yarnpkg.com/vue/-/vue-2.6.10.tgz#a72b1a42a4d82a721ea438d1b6bf55e66195c637"
  integrity sha512-ImThpeNU9HbdZL3utgMCq0oiMzAkt1mcgy3/E6zWC/G6AaQoeuFdsl9nDhTDU3X1R6FK7nsIUuRACVcjI+A2GQ==
